// !$*UTF8*$!
{
	archiveVersion = 1;
	classes = {
	};
	objectVersion = 46;
	objects = {

/* Begin PBXBuildFile section */
		743ABF861B0C674600F39D2D /* main.m in Sources */ = {isa = PBXBuildFile; fileRef = 743ABF851B0C674600F39D2D /* main.m */; };
		743ABF891B0C674600F39D2D /* AppDelegate.m in Sources */ = {isa = PBXBuildFile; fileRef = 743ABF881B0C674600F39D2D /* AppDelegate.m */; };
		743ABF8C1B0C674600F39D2D /* testDemo.xcdatamodeld in Sources */ = {isa = PBXBuildFile; fileRef = 743ABF8A1B0C674600F39D2D /* testDemo.xcdatamodeld */; };
		743ABF8F1B0C674600F39D2D /* ViewController.m in Sources */ = {isa = PBXBuildFile; fileRef = 743ABF8E1B0C674600F39D2D /* ViewController.m */; };
		743ABF921B0C674600F39D2D /* Main.storyboard in Resources */ = {isa = PBXBuildFile; fileRef = 743ABF901B0C674600F39D2D /* Main.storyboard */; };
		743ABF941B0C674600F39D2D /* Images.xcassets in Resources */ = {isa = PBXBuildFile; fileRef = 743ABF931B0C674600F39D2D /* Images.xcassets */; };
		743ABF971B0C674600F39D2D /* LaunchScreen.xib in Resources */ = {isa = PBXBuildFile; fileRef = 743ABF951B0C674600F39D2D /* LaunchScreen.xib */; };
		743ABFA31B0C674600F39D2D /* testDemoTests.m in Sources */ = {isa = PBXBuildFile; fileRef = 743ABFA21B0C674600F39D2D /* testDemoTests.m */; };
/* End PBXBuildFile section */

/* Begin PBXContainerItemProxy section */
		743ABF9D1B0C674600F39D2D /* PBXContainerItemProxy */ = {
			isa = PBXContainerItemProxy;
			containerPortal = 743ABF781B0C674600F39D2D /* Project object */;
			proxyType = 1;
			remoteGlobalIDString = 743ABF7F1B0C674600F39D2D;
			remoteInfo = testDemo;
		};
/* End PBXContainerItemProxy section */

/* Begin PBXFileReference section */
		743ABF801B0C674600F39D2D /* testDemo.app */ = {isa = PBXFileReference; explicitFileType = wrapper.application; includeInIndex = 0; path = testDemo.app; sourceTree = BUILT_PRODUCTS_DIR; };
		743ABF841B0C674600F39D2D /* Info.plist */ = {isa = PBXFileReference; lastKnownFileType = text.plist.xml; path = Info.plist; sourceTree = "<group>"; };
		743ABF851B0C674600F39D2D /* main.m */ = {isa = PBXFileReference; lastKnownFileType = sourcecode.c.objc; path = main.m; sourceTree = "<group>"; };
		743ABF871B0C674600F39D2D /* AppDelegate.h */ = {isa = PBXFileReference; lastKnownFileType = sourcecode.c.h; path = AppDelegate.h; sourceTree = "<group>"; };
		743ABF881B0C674600F39D2D /* AppDelegate.m */ = {isa = PBXFileReference; lastKnownFileType = sourcecode.c.objc; path = AppDelegate.m; sourceTree = "<group>"; };
		743ABF8B1B0C674600F39D2D /* testDemo.xcdatamodel */ = {isa = PBXFileReference; lastKnownFileType = wrapper.xcdatamodel; path = testDemo.xcdatamodel; sourceTree = "<group>"; };
		743ABF8D1B0C674600F39D2D /* ViewController.h */ = {isa = PBXFileReference; lastKnownFileType = sourcecode.c.h; path = ViewController.h; sourceTree = "<group>"; };
		743ABF8E1B0C674600F39D2D /* ViewController.m */ = {isa = PBXFileReference; lastKnownFileType = sourcecode.c.objc; path = ViewController.m; sourceTree = "<group>"; };
		743ABF911B0C674600F39D2D /* Base */ = {isa = PBXFileReference; lastKnownFileType = file.storyboard; name = Base; path = Base.lproj/Main.storyboard; sourceTree = "<group>"; };
		743ABF931B0C674600F39D2D /* Images.xcassets */ = {isa = PBXFileReference; lastKnownFileType = folder.assetcatalog; path = Images.xcassets; sourceTree = "<group>"; };
		743ABF961B0C674600F39D2D /* Base */ = {isa = PBXFileReference; lastKnownFileType = file.xib; name = Base; path = Base.lproj/LaunchScreen.xib; sourceTree = "<group>"; };
		743ABF9C1B0C674600F39D2D /* testDemoTests.xctest */ = {isa = PBXFileReference; explicitFileType = wrapper.cfbundle; includeInIndex = 0; path = testDemoTests.xctest; sourceTree = BUILT_PRODUCTS_DIR; };
		743ABFA11B0C674600F39D2D /* Info.plist */ = {isa = PBXFileReference; lastKnownFileType = text.plist.xml; path = Info.plist; sourceTree = "<group>"; };
		743ABFA21B0C674600F39D2D /* testDemoTests.m */ = {isa = PBXFileReference; lastKnownFileType = sourcecode.c.objc; path = testDemoTests.m; sourceTree = "<group>"; };
/* End PBXFileReference section */

/* Begin PBXFrameworksBuildPhase section */
		743ABF7D1B0C674600F39D2D /* Frameworks */ = {
			isa = PBXFrameworksBuildPhase;
			buildActionMask = 2147483647;
			files = (
			);
			runOnlyForDeploymentPostprocessing = 0;
		};
		743ABF991B0C674600F39D2D /* Frameworks */ = {
			isa = PBXFrameworksBuildPhase;
			buildActionMask = 2147483647;
			files = (
			);
			runOnlyForDeploymentPostprocessing = 0;
		};
/* End PBXFrameworksBuildPhase section */

/* Begin PBXGroup section */
		743ABF771B0C674600F39D2D = {
			isa = PBXGroup;
			children = (
				743ABF821B0C674600F39D2D /* testDemo */,
				743ABF9F1B0C674600F39D2D /* testDemoTests */,
				743ABF811B0C674600F39D2D /* Products */,
			);
			sourceTree = "<group>";
		};
		743ABF811B0C674600F39D2D /* Products */ = {
			isa = PBXGroup;
			children = (
				743ABF801B0C674600F39D2D /* testDemo.app */,
				743ABF9C1B0C674600F39D2D /* testDemoTests.xctest */,
			);
			name = Products;
			sourceTree = "<group>";
		};
		743ABF821B0C674600F39D2D /* testDemo */ = {
			isa = PBXGroup;
			children = (
				743ABF871B0C674600F39D2D /* AppDelegate.h */,
				743ABF881B0C674600F39D2D /* AppDelegate.m */,
				743ABF8D1B0C674600F39D2D /* ViewController.h */,
				743ABF8E1B0C674600F39D2D /* ViewController.m */,
				743ABF901B0C674600F39D2D /* Main.storyboard */,
				743ABF931B0C674600F39D2D /* Images.xcassets */,
				743ABF951B0C674600F39D2D /* LaunchScreen.xib */,
				743ABF8A1B0C674600F39D2D /* testDemo.xcdatamodeld */,
				743ABF831B0C674600F39D2D /* Supporting Files */,
			);
			path = testDemo;
			sourceTree = "<group>";
		};
		743ABF831B0C674600F39D2D /* Supporting Files */ = {
			isa = PBXGroup;
			children = (
				743ABF841B0C674600F39D2D /* Info.plist */,
				743ABF851B0C674600F39D2D /* main.m */,
			);
			name = "Supporting Files";
			sourceTree = "<group>";
		};
		743ABF9F1B0C674600F39D2D /* testDemoTests */ = {
			isa = PBXGroup;
			children = (
				743ABFA21B0C674600F39D2D /* testDemoTests.m */,
				743ABFA01B0C674600F39D2D /* Supporting Files */,
			);
			path = testDemoTests;
			sourceTree = "<group>";
		};
		743ABFA01B0C674600F39D2D /* Supporting Files */ = {
			isa = PBXGroup;
			children = (
				743ABFA11B0C674600F39D2D /* Info.plist */,
			);
			name = "Supporting Files";
			sourceTree = "<group>";
		};
/* End PBXGroup section */

/* Begin PBXNativeTarget section */
		743ABF7F1B0C674600F39D2D /* testDemo */ = {
			isa = PBXNativeTarget;
			buildConfigurationList = 743ABFA61B0C674600F39D2D /* Build configuration list for PBXNativeTarget "testDemo" */;
			buildPhases = (
				743ABF7C1B0C674600F39D2D /* Sources */,
				743ABF7D1B0C674600F39D2D /* Frameworks */,
				743ABF7E1B0C674600F39D2D /* Resources */,
			);
			buildRules = (
			);
			dependencies = (
			);
			name = testDemo;
			productName = testDemo;
			productReference = 743ABF801B0C674600F39D2D /* testDemo.app */;
			productType = "com.apple.product-type.application";
		};
		743ABF9B1B0C674600F39D2D /* testDemoTests */ = {
			isa = PBXNativeTarget;
			buildConfigurationList = 743ABFA91B0C674600F39D2D /* Build configuration list for PBXNativeTarget "testDemoTests" */;
			buildPhases = (
				743ABF981B0C674600F39D2D /* Sources */,
				743ABF991B0C674600F39D2D /* Frameworks */,
				743ABF9A1B0C674600F39D2D /* Resources */,
			);
			buildRules = (
			);
			dependencies = (
				743ABF9E1B0C674600F39D2D /* PBXTargetDependency */,
			);
			name = testDemoTests;
			productName = testDemoTests;
			productReference = 743ABF9C1B0C674600F39D2D /* testDemoTests.xctest */;
			productType = "com.apple.product-type.bundle.unit-test";
		};
/* End PBXNativeTarget section */

/* Begin PBXProject section */
		743ABF781B0C674600F39D2D /* Project object */ = {
			isa = PBXProject;
			attributes = {
				LastUpgradeCheck = 0610;
				ORGANIZATIONNAME = "启能教育";
				TargetAttributes = {
					743ABF7F1B0C674600F39D2D = {
						CreatedOnToolsVersion = 6.1.1;
					};
					743ABF9B1B0C674600F39D2D = {
						CreatedOnToolsVersion = 6.1.1;
						TestTargetID = 743ABF7F1B0C674600F39D2D;
					};
				};
			};
			buildConfigurationList = 743ABF7B1B0C674600F39D2D /* Build configuration list for PBXProject "testDemo" */;
			compatibilityVersion = "Xcode 3.2";
			developmentRegion = English;
			hasScannedForEncodings = 0;
			knownRegions = (
				en,
				Base,
			);
			mainGroup = 743ABF771B0C674600F39D2D;
			productRefGroup = 743ABF811B0C674600F39D2D /* Products */;
			projectDirPath = "";
			projectRoot = "";
			targets = (
				743ABF7F1B0C674600F39D2D /* testDemo */,
				743ABF9B1B0C674600F39D2D /* testDemoTests */,
			);
		};
/* End PBXProject section */

/* Begin PBXResourcesBuildPhase section */
		743ABF7E1B0C674600F39D2D /* Resources */ = {
			isa = PBXResourcesBuildPhase;
			buildActionMask = 2147483647;
			files = (
				743ABF921B0C674600F39D2D /* Main.storyboard in Resources */,
				743ABF971B0C674600F39D2D /* LaunchScreen.xib in Resources */,
				743ABF941B0C674600F39D2D /* Images.xcassets in Resources */,
			);
			runOnlyForDeploymentPostprocessing = 0;
		};
		743ABF9A1B0C674600F39D2D /* Resources */ = {
			isa = PBXResourcesBuildPhase;
			buildActionMask = 2147483647;
			files = (
			);
			runOnlyForDeploymentPostprocessing = 0;
		};
/* End PBXResourcesBuildPhase section */

/* Begin PBXSourcesBuildPhase section */
		743ABF7C1B0C674600F39D2D /* Sources */ = {
			isa = PBXSourcesBuildPhase;
			buildActionMask = 2147483647;
			files = (
				743ABF891B0C674600F39D2D /* AppDelegate.m in Sources */,
				743ABF861B0C674600F39D2D /* main.m in Sources */,
				743ABF8F1B0C674600F39D2D /* ViewController.m in Sources */,
				743ABF8C1B0C674600F39D2D /* testDemo.xcdatamodeld in Sources */,
			);
			runOnlyForDeploymentPostprocessing = 0;
		};
		743ABF981B0C674600F39D2D /* Sources */ = {
			isa = PBXSourcesBuildPhase;
			buildActionMask = 2147483647;
			files = (
				743ABFA31B0C674600F39D2D /* testDemoTests.m in Sources */,
			);
			runOnlyForDeploymentPostprocessing = 0;
		};
/* End PBXSourcesBuildPhase section */

/* Begin PBXTargetDependency section */
		743ABF9E1B0C674600F39D2D /* PBXTargetDependency */ = {
			isa = PBXTargetDependency;
			target = 743ABF7F1B0C674600F39D2D /* testDemo */;
			targetProxy = 743ABF9D1B0C674600F39D2D /* PBXContainerItemProxy */;
		};
/* End PBXTargetDependency section */

/* Begin PBXVariantGroup section */
		743ABF901B0C674600F39D2D /* Main.storyboard */ = {
			isa = PBXVariantGroup;
			children = (
				743ABF911B0C674600F39D2D /* Base */,
			);
			name = Main.storyboard;
			sourceTree = "<group>";
		};
		743ABF951B0C674600F39D2D /* LaunchScreen.xib */ = {
			isa = PBXVariantGroup;
			children = (
				743ABF961B0C674600F39D2D /* Base */,
			);
			name = LaunchScreen.xib;
			sourceTree = "<group>";
		};
/* End PBXVariantGroup section */

/* Begin XCBuildConfiguration section */
		743ABFA41B0C674600F39D2D /* Debug */ = {
			isa = XCBuildConfiguration;
			buildSettings = {
				ALWAYS_SEARCH_USER_PATHS = NO;
				CLANG_CXX_LANGUAGE_STANDARD = "gnu++0x";
				CLANG_CXX_LIBRARY = "libc++";
				CLANG_ENABLE_MODULES = YES;
				CLANG_ENABLE_OBJC_ARC = YES;
				CLANG_WARN_BOOL_CONVERSION = YES;
				CLANG_WARN_CONSTANT_CONVERSION = YES;
				CLANG_WARN_DIRECT_OBJC_ISA_USAGE = YES_ERROR;
				CLANG_WARN_EMPTY_BODY = YES;
				CLANG_WARN_ENUM_CONVERSION = YES;
				CLANG_WARN_INT_CONVERSION = YES;
				CLANG_WARN_OBJC_ROOT_CLASS = YES_ERROR;
				CLANG_WARN_UNREACHABLE_CODE = YES;
				CLANG_WARN__DUPLICATE_METHOD_MATCH = YES;
				"CODE_SIGN_IDENTITY[sdk=iphoneos*]" = "iPhone Developer";
				COPY_PHASE_STRIP = NO;
				ENABLE_STRICT_OBJC_MSGSEND = YES;
				GCC_C_LANGUAGE_STANDARD = gnu99;
				GCC_DYNAMIC_NO_PIC = NO;
				GCC_OPTIMIZATION_LEVEL = 0;
				GCC_PREPROCESSOR_DEFINITIONS = (
					"DEBUG=1",
					"$(inherited)",
				);
				GCC_SYMBOLS_PRIVATE_EXTERN = NO;
				GCC_WARN_64_TO_32_BIT_CONVERSION = YES;
				GCC_WARN_ABOUT_RETURN_TYPE = YES_ERROR;
				GCC_WARN_UNDECLARED_SELECTOR = YES;
				GCC_WARN_UNINITIALIZED_AUTOS = YES_AGGRESSIVE;
				GCC_WARN_UNUSED_FUNCTION = YES;
				GCC_WARN_UNUSED_VARIABLE = YES;
				IPHONEOS_DEPLOYMENT_TARGET = 8.1;
				MTL_ENABLE_DEBUG_INFO = YES;
				ONLY_ACTIVE_ARCH = YES;
				SDKROOT = iphoneos;
			};
			name = Debug;
		};
		743ABFA51B0C674600F39D2D /* Release */ = {
			isa = XCBuildConfiguration;
			buildSettings = {
				ALWAYS_SEARCH_USER_PATHS = NO;
				CLANG_CXX_LANGUAGE_STANDARD = "gnu++0x";
				CLANG_CXX_LIBRARY = "libc++";
				CLANG_ENABLE_MODULES = YES;
				CLANG_ENABLE_OBJC_ARC = YES;
				CLANG_WARN_BOOL_CONVERSION = YES;
				CLANG_WARN_CONSTANT_CONVERSION = YES;
				CLANG_WARN_DIRECT_OBJC_ISA_USAGE = YES_ERROR;
				CLANG_WARN_EMPTY_BODY = YES;
				CLANG_WARN_ENUM_CONVERSION = YES;
				CLANG_WARN_INT_CONVERSION = YES;
				CLANG_WARN_OBJC_ROOT_CLASS = YES_ERROR;
				CLANG_WARN_UNREACHABLE_CODE = YES;
				CLANG_WARN__DUPLICATE_METHOD_MATCH = YES;
				"CODE_SIGN_IDENTITY[sdk=iphoneos*]" = "iPhone Developer";
				COPY_PHASE_STRIP = YES;
				ENABLE_NS_ASSERTIONS = NO;
				ENABLE_STRICT_OBJC_MSGSEND = YES;
				GCC_C_LANGUAGE_STANDARD = gnu99;
				GCC_WARN_64_TO_32_BIT_CONVERSION = YES;
				GCC_WARN_ABOUT_RETURN_TYPE = YES_ERROR;
				GCC_WARN_UNDECLARED_SELECTOR = YES;
				GCC_WARN_UNINITIALIZED_AUTOS = YES_AGGRESSIVE;
				GCC_WARN_UNUSED_FUNCTION = YES;
				GCC_WARN_UNUSED_VARIABLE = YES;
				IPHONEOS_DEPLOYMENT_TARGET = 8.1;
				MTL_ENABLE_DEBUG_INFO = NO;
				SDKROOT = iphoneos;
				VALIDATE_PRODUCT = YES;
			};
			name = Release;
		};
		743ABFA71B0C674600F39D2D /* Debug */ = {
			isa = XCBuildConfiguration;
			buildSettings = {
				ASSETCATALOG_COMPILER_APPICON_NAME = AppIcon;
				INFOPLIST_FILE = testDemo/Info.plist;
				LD_RUNPATH_SEARCH_PATHS = "$(inherited) @executable_path/Frameworks";
				PRODUCT_NAME = "$(TARGET_NAME)";
			};
			name = Debug;
		};
		743ABFA81B0C674600F39D2D /* Release */ = {
			isa = XCBuildConfiguration;
			buildSettings = {
				ASSETCATALOG_COMPILER_APPICON_NAME = AppIcon;
				INFOPLIST_FILE = testDemo/Info.plist;
				LD_RUNPATH_SEARCH_PATHS = "$(inherited) @executable_path/Frameworks";
				PRODUCT_NAME = "$(TARGET_NAME)";
			};
			name = Release;
		};
		743ABFAA1B0C674600F39D2D /* Debug */ = {
			isa = XCBuildConfiguration;
			buildSettings = {
				BUNDLE_LOADER = "$(TEST_HOST)";
				FRAMEWORK_SEARCH_PATHS = (
					"$(SDKROOT)/Developer/Library/Frameworks",
					"$(inherited)",
				);
				GCC_PREPROCESSOR_DEFINITIONS = (
					"DEBUG=1",
					"$(inherited)",
				);
				INFOPLIST_FILE = testDemoTests/Info.plist;
				LD_RUNPATH_SEARCH_PATHS = "$(inherited) @executable_path/Frameworks @loader_path/Frameworks";
				PRODUCT_NAME = "$(TARGET_NAME)";
				TEST_HOST = "$(BUILT_PRODUCTS_DIR)/testDemo.app/testDemo";
			};
			name = Debug;
		};
		743ABFAB1B0C674600F39D2D /* Release */ = {
			isa = XCBuildConfiguration;
			buildSettings = {
				BUNDLE_LOADER = "$(TEST_HOST)";
				FRAMEWORK_SEARCH_PATHS = (
					"$(SDKROOT)/Developer/Library/Frameworks",
					"$(inherited)",
				);
				INFOPLIST_FILE = testDemoTests/Info.plist;
				LD_RUNPATH_SEARCH_PATHS = "$(inherited) @executable_path/Frameworks @loader_path/Frameworks";
				PRODUCT_NAME = "$(TARGET_NAME)";
				TEST_HOST = "$(BUILT_PRODUCTS_DIR)/testDemo.app/testDemo";
			};
			name = Release;
		};
/* End XCBuildConfiguration section */

/* Begin XCConfigurationList section */
		743ABF7B1B0C674600F39D2D /* Build configuration list for PBXProject "testDemo" */ = {
			isa = XCConfigurationList;
			buildConfigurations = (
				743ABFA41B0C674600F39D2D /* Debug */,
				743ABFA51B0C674600F39D2D /* Release */,
			);
			defaultConfigurationIsVisible = 0;
			defaultConfigurationName = Release;
		};
		743ABFA61B0C674600F39D2D /* Build configuration list for PBXNativeTarget "testDemo" */ = {
			isa = XCConfigurationList;
			buildConfigurations = (
				743ABFA71B0C674600F39D2D /* Debug */,
				743ABFA81B0C674600F39D2D /* Release */,
			);
			defaultConfigurationIsVisible = 0;
		};
		743ABFA91B0C674600F39D2D /* Build configuration list for PBXNativeTarget "testDemoTests" */ = {
			isa = XCConfigurationList;
			buildConfigurations = (
				743ABFAA1B0C674600F39D2D /* Debug */,
				743ABFAB1B0C674600F39D2D /* Release */,
			);
			defaultConfigurationIsVisible = 0;
		};
/* End XCConfigurationList section */

/* Begin XCVersionGroup section */
		743ABF8A1B0C674600F39D2D /* testDemo.xcdatamodeld */ = {
			isa = XCVersionGroup;
			children = (
				743ABF8B1B0C674600F39D2D /* testDemo.xcdatamodel */,
			);
			currentVersion = 743ABF8B1B0C674600F39D2D /* testDemo.xcdatamodel */;
			path = testDemo.xcdatamodeld;
			sourceTree = "<group>";
			versionGroupType = wrapper.xcdatamodel;
		};
/* End XCVersionGroup section */
	};
	rootObject = 743ABF781B0C674600F39D2D /* Project object */;
}
